
Microsoft Visual Studio Solution File, Format Version 12.00
# Visual Studio Version 17
VisualStudioVersion = 17.9.34701.34
MinimumVisualStudioVersion = 10.0.40219.1
Project("{FAE04EC0-301F-11D3-BF4B-00C04F79EFBC}") = "web-scrapping", "web-scrapping\web-scrapping.csproj", "{7DBEB4A0-F0BE-49A7-AEC8-ED534BF2F712}"
EndProject
Global
	GlobalSection(SolutionConfigurationPlatforms) = preSolution
		Debug|Any CPU = Debug|Any CPU
		Release|Any CPU = Release|Any CPU
	EndGlobalSection
	GlobalSection(ProjectConfigurationPlatforms) = postSolution
		{7DBEB4A0-F0BE-49A7-AEC8-ED534BF2F712}.Debug|Any CPU.ActiveCfg = Debug|Any CPU
		{7DBEB4A0-F0BE-49A7-AEC8-ED534BF2F712}.Debug|Any CPU.Build.0 = Debug|Any CPU
		{7DBEB4A0-F0BE-49A7-AEC8-ED534BF2F712}.Release|Any CPU.ActiveCfg = Release|Any CPU
		{7DBEB4A0-F0BE-49A7-AEC8-ED534BF2F712}.Release|Any CPU.Build.0 = Release|Any CPU
	EndGlobalSection
	GlobalSection(SolutionProperties) = preSolution
		HideSolutionNode = FALSE
	EndGlobalSection
	GlobalSection(ExtensibilityGlobals) = postSolution
		SolutionGuid = {4D16CAA9-6A51-4C98-8DFD-CBAC87F1E17B}
	EndGlobalSection
EndGlobal
